
Microsoft Visual Studio Solution File, Format Version 12.00
# Visual Studio Version 17
VisualStudioVersion = 17.14.36518.9 d17.14
MinimumVisualStudioVersion = 10.0.40219.1
Project("{FAE04EC0-301F-11D3-BF4B-00C04F79EFBC}") = "ShoeShop_ServiceDeveloper", "ShoeShop_ServiceDeveloper.csproj", "{B8D60528-23D0-407F-9EFD-1DFD8A566C20}"
EndProject
Global
	GlobalSection(SolutionConfigurationPlatforms) = preSolution
		Debug|Any CPU = Debug|Any CPU
		Release|Any CPU = Release|Any CPU
	EndGlobalSection
	GlobalSection(ProjectConfigurationPlatforms) = postSolution
		{B8D60528-23D0-407F-9EFD-1DFD8A566C20}.Debug|Any CPU.ActiveCfg = Debug|Any CPU
		{B8D60528-23D0-407F-9EFD-1DFD8A566C20}.Debug|Any CPU.Build.0 = Debug|Any CPU
		{B8D60528-23D0-407F-9EFD-1DFD8A566C20}.Release|Any CPU.ActiveCfg = Release|Any CPU
		{B8D60528-23D0-407F-9EFD-1DFD8A566C20}.Release|Any CPU.Build.0 = Release|Any CPU
	EndGlobalSection
	GlobalSection(SolutionProperties) = preSolution
		HideSolutionNode = FALSE
	EndGlobalSection
	GlobalSection(ExtensibilityGlobals) = postSolution
		SolutionGuid = {EE6C580A-E400-423E-9D12-7C9C55F4BEC5}
	EndGlobalSection
EndGlobal
